# This file is automatically @generated by Poetry 1.5.1 and should not be changed by hand.

[[package]]
name = "config"
version = "0.5.1"
description = "A hierarchical, easy-to-use, powerful configuration module for Python"
optional = false
python-versions = "*"
files = [
    {file = "config-0.5.1-py2.py3-none-any.whl", hash = "sha256:79ffa009ff2663cc8ca29e56bcec031c044609d4bafaa4f884132a413101ce84"},
    {file = "config-0.5.1.zip", hash = "sha256:2dd4a03aa383d30711d5a3325a1858de225328d61950a85be5b74c100f63016d"},
]

[metadata]
lock-version = "2.0"
python-versions = "^3.10"
content-hash = "30596a9928ba138deaae7e08168add29027174150e5a89c38301ec99b6235db3"
